# This file is automatically @generated by Cargo.
# It is not intended for manual editing.
version = 4

[[package]]
name = "bindgen"
version = "0.1.0"

[[package]]
name = "cc"
version = "0.1.0"

[[package]]
name = "cxx"
version = "0.1.0"

[[package]]
name = "native-trust-package"
version = "0.1.0"
dependencies = [
 "bindgen",
 "cc",
 "cxx",
 "zstd",
]

[[package]]
name = "zstd"
version = "0.1.0"
