{
  "generated_by": "verification/areas/package_management/tools/check_offline_package_merge_smoke.py",
  "graph_digest_sha256": "8b1603f342ae20866a9a84216ad2906615911cc639fdc6bbbf064a003b0e3b13",
  "graph_edges": [
    [
      "offline-app@0.1.0#workspace",
      "sifr-json@1.0.0#offline-registry"
    ],
    [
      "sifr-json@1.0.0#offline-registry",
      "sifr-core@1.0.0#offline-registry"
    ]
  ],
  "packages": [
    {
      "checksum_sha256": null,
      "dependencies": [
        "sifr-json@1.0.0#offline-registry"
      ],
      "id": "offline-app@0.1.0#workspace",
      "name": "offline-app",
      "source": "workspace",
      "version": "0.1.0"
    },
    {
      "checksum_sha256": "d8e5b15583a465f156b8fae04d1b4c4606c4c7d933fbea67075e4b8a4c41e163",
      "dependencies": [],
      "id": "sifr-core@1.0.0#offline-registry",
      "name": "sifr-core",
      "source": "offline-registry",
      "version": "1.0.0"
    },
    {
      "checksum_sha256": "c2a01adec994aa5e33f0a31b89b6d8a9d87b7002a3af3c06f62e6645195e8f5d",
      "dependencies": [
        "sifr-core@1.0.0#offline-registry"
      ],
      "id": "sifr-json@1.0.0#offline-registry",
      "name": "sifr-json",
      "source": "offline-registry",
      "version": "1.0.0"
    }
  ],
  "schema_version": 1
}
