# This file is automatically @generated by Cargo.
# It is not intended for manual editing.
version = 4

[[package]]
name = "axum"
version = "0.1.0"

[[package]]
name = "backend-feature-package"
version = "0.1.0"
dependencies = [
 "axum",
 "sqlx",
 "tower-http",
]

[[package]]
name = "sqlx"
version = "0.1.0"

[[package]]
name = "tower-http"
version = "0.1.0"
