# This lockfile shows the expected pinned Git dependency shape.
version = 4

[[package]]
name = "sifr-demo-app"
version = "0.1.0"
dependencies = [
 "demo_json_v1",
 "demo_json_v2",
 "sifr-demo-http",
 "sifr-demo-json",
 "sifr-demo-test-support",
]

[[package]]
name = "sifr-demo-json"
version = "0.1.0"
source = "git+https://github.com/sifr-lang/sifr-demo-json?tag=v0.1.0#0000000000000000000000000000000000000000"

[[package]]
name = "sifr-demo-json"
version = "0.2.0"
source = "git+https://github.com/sifr-lang/sifr-demo-json?tag=v0.2.0#0000000000000000000000000000000000000000"

[[package]]
name = "sifr-demo-http"
version = "0.1.0"
source = "git+https://github.com/sifr-lang/sifr-demo-http?tag=v0.1.0#0000000000000000000000000000000000000000"

[[package]]
name = "sifr-demo-test-support"
version = "0.1.0"
source = "git+https://github.com/sifr-lang/sifr-demo-test-support?tag=v0.1.0#0000000000000000000000000000000000000000"
