# This file is automatically @generated by Cargo.
# It is not intended for manual editing.
version = 4

[[package]]
name = "anyhow"
version = "0.1.0"

[[package]]
name = "clap"
version = "0.1.0"

[[package]]
name = "cli-feature-package"
version = "0.1.0"
dependencies = [
 "anyhow",
 "clap",
 "tracing",
 "tracing-subscriber",
]

[[package]]
name = "tracing"
version = "0.1.0"

[[package]]
name = "tracing-subscriber"
version = "0.1.0"
