# This lockfile records the Git dependency shape expected after `sifr fetch`.
version = 4

[[package]]
name = "sifr-demo-http"
version = "0.1.0"
dependencies = [
 "reqwest",
 "sifr-demo-json",
]

[[package]]
name = "sifr-demo-json"
version = "0.1.0"
source = "git+https://github.com/sifr-lang/sifr-demo-json?tag=v0.1.0#0000000000000000000000000000000000000000"

[[package]]
name = "reqwest"
version = "0.12.0"
source = "registry+https://github.com/rust-lang/crates.io-index"
