# This file is automatically @generated by Cargo.
# It is not intended for manual editing.
version = 4

[[package]]
name = "proc-macro-trust-package"
version = "0.1.0"
dependencies = [
 "prost-build",
 "serde_derive",
]

[[package]]
name = "prost-build"
version = "0.1.0"

[[package]]
name = "serde_derive"
version = "0.1.0"
